
Microsoft Visual Studio Solution File, Format Version 12.00
# Visual Studio Version 17
VisualStudioVersion = 17.9.34728.123
MinimumVisualStudioVersion = 10.0.40219.1
Project("{FAE04EC0-301F-11D3-BF4B-00C04F79EFBC}") = "CodingTracker", "CodingTracker.csproj", "{A5897238-668B-4114-B172-4C6E15BB9801}"
EndProject
Global
	GlobalSection(SolutionConfigurationPlatforms) = preSolution
		Debug|Any CPU = Debug|Any CPU
		Release|Any CPU = Release|Any CPU
	EndGlobalSection
	GlobalSection(ProjectConfigurationPlatforms) = postSolution
		{A5897238-668B-4114-B172-4C6E15BB9801}.Debug|Any CPU.ActiveCfg = Debug|Any CPU
		{A5897238-668B-4114-B172-4C6E15BB9801}.Debug|Any CPU.Build.0 = Debug|Any CPU
		{A5897238-668B-4114-B172-4C6E15BB9801}.Release|Any CPU.ActiveCfg = Release|Any CPU
		{A5897238-668B-4114-B172-4C6E15BB9801}.Release|Any CPU.Build.0 = Release|Any CPU
	EndGlobalSection
	GlobalSection(SolutionProperties) = preSolution
		HideSolutionNode = FALSE
	EndGlobalSection
	GlobalSection(ExtensibilityGlobals) = postSolution
		SolutionGuid = {04C498E4-AA88-4236-BFCE-97FC59D464F2}
	EndGlobalSection
EndGlobal
